{
  "nodes": {
    "nixpkgs": {
      "locked": {
        "lastModified": 1746216778,
        "narHash": "sha256-gau4aPnmwSzqIWATqGp6gb1S9SD07iKZiXkHqP9l1LY=",
        "owner": "nixos",
        "repo": "nixpkgs",
        "rev": "dabd6a12d65d427307fc20481417fdc746818da5",
        "type": "github"
      },
      "original": {
        "owner": "nixos",
        "repo": "nixpkgs",
        "type": "github"
      }
    },
    "root": {
      "inputs": {
        "nixpkgs": "nixpkgs"
      }
    }
  },
  "root": "root",
  "version": 7
}
